# THIS IS AN AUTOGENERATED FILE. DO NOT EDIT THIS FILE DIRECTLY.
# yarn lockfile v1


react-native-template-jsx-awesome@^0.0.2:
  version "0.0.2"
  resolved "https://registry.yarnpkg.com/react-native-template-jsx-awesome/-/react-native-template-jsx-awesome-0.0.2.tgz#771049403dad1f109e7f20e13caf7bba42078407"
  integrity sha512-JjA9zJVK03EuMRpW8sS60/mEE46wkvzKIM7MnLxgDvtOeySsOQoOQ9YR4n7nNiKGaT/e1Z0g/zRkDTY4nZpebw==
